{
  "lockfile_version": "1",
  "packages": {
    "github:NixOS/nixpkgs/nixpkgs-unstable": {
      "last_modified": "2025-04-12T07:19:22Z",
      "resolved": "github:NixOS/nixpkgs/2349f9de17183971db12ae9e0123dab132023bd7?lastModified=1744442362&narHash=sha256-i47t4DRIZgwBZw2Osbrp1OJhhO1k%2Fn%2BQzRx%2BTrmfE9Y%3D"
    }
  }
}
